
Microsoft Visual Studio Solution File, Format Version 12.00
# Visual Studio Version 16
VisualStudioVersion = 16.0.33130.400
MinimumVisualStudioVersion = 10.0.40219.1
Project("{FAE04EC0-301F-11D3-BF4B-00C04F79EFBC}") = "BugTracker", "BugTracker\BugTracker.csproj", "{60F52E12-31BE-44E3-A4A4-22C3E9DBCFCC}"
EndProject
Global
	GlobalSection(SolutionConfigurationPlatforms) = preSolution
		Debug|Any CPU = Debug|Any CPU
		Release|Any CPU = Release|Any CPU
	EndGlobalSection
	GlobalSection(ProjectConfigurationPlatforms) = postSolution
		{60F52E12-31BE-44E3-A4A4-22C3E9DBCFCC}.Debug|Any CPU.ActiveCfg = Debug|Any CPU
		{60F52E12-31BE-44E3-A4A4-22C3E9DBCFCC}.Debug|Any CPU.Build.0 = Debug|Any CPU
		{60F52E12-31BE-44E3-A4A4-22C3E9DBCFCC}.Release|Any CPU.ActiveCfg = Release|Any CPU
		{60F52E12-31BE-44E3-A4A4-22C3E9DBCFCC}.Release|Any CPU.Build.0 = Release|Any CPU
	EndGlobalSection
	GlobalSection(SolutionProperties) = preSolution
		HideSolutionNode = FALSE
	EndGlobalSection
	GlobalSection(ExtensibilityGlobals) = postSolution
		SolutionGuid = {9615A6D2-E68B-4F6E-980D-5CDFF4A0FF6C}
	EndGlobalSection
EndGlobal
